
Microsoft Visual Studio Solution File, Format Version 12.00
Project("{FAE04EC0-301F-11D3-BF4B-00C04F79EFBC}") = "WebService", "src\WebService\WebService.csproj", "{A4D63E65-BF7B-44D0-8B6E-EF97FBAE4D0A}"
EndProject
Project("{FAE04EC0-301F-11D3-BF4B-00C04F79EFBC}") = "AuthenticationService", "src\AuthenticationService\AuthenticationService.csproj", "{3048F5D4-F4EF-4DC1-867F-A9CB00103CEA}"
EndProject
Project("{FAE04EC0-301F-11D3-BF4B-00C04F79EFBC}") = "ModelsService", "src\ModelsService\ModelsService.csproj", "{54937FAB-64F7-4D15-BEA4-3550899AD2BC}"
EndProject
Project("{FAE04EC0-301F-11D3-BF4B-00C04F79EFBC}") = "ContractsService", "src\ContractsService\ContractsService.csproj", "{B3AA7378-4827-4CC9-AC9F-9505D1EE4DBD}"
EndProject
Project("{2150E333-8FDC-42A3-9474-1A3956D46DE8}") = "test", "test", "{4DE46DF2-5097-443A-8B86-795D58792F28}"
EndProject
Project("{FAE04EC0-301F-11D3-BF4B-00C04F79EFBC}") = "AuthenticationService.UnitTest", "test\AuthenticationService.UnitTest\AuthenticationService.UnitTest.csproj", "{6378C7A0-00FF-47ED-8AE7-E4113151D00F}"
EndProject
Project("{2150E333-8FDC-42A3-9474-1A3956D46DE8}") = "src", "src", "{A9E83CDA-7DD7-40E7-B784-6346EC5FDD7C}"
EndProject
Project("{FAE04EC0-301F-11D3-BF4B-00C04F79EFBC}") = "AuthenticationService.IntegrationTest", "test\AuthenticationService.IntegrationTest\AuthenticationService.IntegrationTest.csproj", "{E5F268B7-0DDC-4409-9BC2-EF06050B4C31}"
EndProject
Project("{FAE04EC0-301F-11D3-BF4B-00C04F79EFBC}") = "PostHandlerService", "src\PostHandlerService\PostHandlerService.csproj", "{A8C59EFD-8126-4670-A3D3-E835E3CE361C}"
EndProject
Project("{FAE04EC0-301F-11D3-BF4B-00C04F79EFBC}") = "CacheProcessorService", "src\CacheProcessorService\CacheProcessorService.csproj", "{25A58297-8A01-415B-9AE5-5C12EA9E24F1}"
EndProject
Global
	GlobalSection(SolutionConfigurationPlatforms) = preSolution
		Debug|Any CPU = Debug|Any CPU
		Release|Any CPU = Release|Any CPU
	EndGlobalSection
	GlobalSection(ProjectConfigurationPlatforms) = postSolution
		{A4D63E65-BF7B-44D0-8B6E-EF97FBAE4D0A}.Debug|Any CPU.ActiveCfg = Debug|Any CPU
		{A4D63E65-BF7B-44D0-8B6E-EF97FBAE4D0A}.Debug|Any CPU.Build.0 = Debug|Any CPU
		{A4D63E65-BF7B-44D0-8B6E-EF97FBAE4D0A}.Release|Any CPU.ActiveCfg = Release|Any CPU
		{A4D63E65-BF7B-44D0-8B6E-EF97FBAE4D0A}.Release|Any CPU.Build.0 = Release|Any CPU
		{3048F5D4-F4EF-4DC1-867F-A9CB00103CEA}.Debug|Any CPU.ActiveCfg = Debug|Any CPU
		{3048F5D4-F4EF-4DC1-867F-A9CB00103CEA}.Debug|Any CPU.Build.0 = Debug|Any CPU
		{3048F5D4-F4EF-4DC1-867F-A9CB00103CEA}.Release|Any CPU.ActiveCfg = Release|Any CPU
		{3048F5D4-F4EF-4DC1-867F-A9CB00103CEA}.Release|Any CPU.Build.0 = Release|Any CPU
		{54937FAB-64F7-4D15-BEA4-3550899AD2BC}.Debug|Any CPU.ActiveCfg = Debug|Any CPU
		{54937FAB-64F7-4D15-BEA4-3550899AD2BC}.Debug|Any CPU.Build.0 = Debug|Any CPU
		{54937FAB-64F7-4D15-BEA4-3550899AD2BC}.Release|Any CPU.ActiveCfg = Release|Any CPU
		{54937FAB-64F7-4D15-BEA4-3550899AD2BC}.Release|Any CPU.Build.0 = Release|Any CPU
		{B3AA7378-4827-4CC9-AC9F-9505D1EE4DBD}.Debug|Any CPU.ActiveCfg = Debug|Any CPU
		{B3AA7378-4827-4CC9-AC9F-9505D1EE4DBD}.Debug|Any CPU.Build.0 = Debug|Any CPU
		{B3AA7378-4827-4CC9-AC9F-9505D1EE4DBD}.Release|Any CPU.ActiveCfg = Release|Any CPU
		{B3AA7378-4827-4CC9-AC9F-9505D1EE4DBD}.Release|Any CPU.Build.0 = Release|Any CPU
		{6378C7A0-00FF-47ED-8AE7-E4113151D00F}.Debug|Any CPU.ActiveCfg = Debug|Any CPU
		{6378C7A0-00FF-47ED-8AE7-E4113151D00F}.Debug|Any CPU.Build.0 = Debug|Any CPU
		{6378C7A0-00FF-47ED-8AE7-E4113151D00F}.Release|Any CPU.ActiveCfg = Release|Any CPU
		{6378C7A0-00FF-47ED-8AE7-E4113151D00F}.Release|Any CPU.Build.0 = Release|Any CPU
		{E5F268B7-0DDC-4409-9BC2-EF06050B4C31}.Debug|Any CPU.ActiveCfg = Debug|Any CPU
		{E5F268B7-0DDC-4409-9BC2-EF06050B4C31}.Debug|Any CPU.Build.0 = Debug|Any CPU
		{E5F268B7-0DDC-4409-9BC2-EF06050B4C31}.Release|Any CPU.ActiveCfg = Release|Any CPU
		{E5F268B7-0DDC-4409-9BC2-EF06050B4C31}.Release|Any CPU.Build.0 = Release|Any CPU
		{A8C59EFD-8126-4670-A3D3-E835E3CE361C}.Debug|Any CPU.ActiveCfg = Debug|Any CPU
		{A8C59EFD-8126-4670-A3D3-E835E3CE361C}.Debug|Any CPU.Build.0 = Debug|Any CPU
		{A8C59EFD-8126-4670-A3D3-E835E3CE361C}.Release|Any CPU.ActiveCfg = Release|Any CPU
		{A8C59EFD-8126-4670-A3D3-E835E3CE361C}.Release|Any CPU.Build.0 = Release|Any CPU
		{25A58297-8A01-415B-9AE5-5C12EA9E24F1}.Debug|Any CPU.ActiveCfg = Debug|Any CPU
		{25A58297-8A01-415B-9AE5-5C12EA9E24F1}.Debug|Any CPU.Build.0 = Debug|Any CPU
		{25A58297-8A01-415B-9AE5-5C12EA9E24F1}.Release|Any CPU.ActiveCfg = Release|Any CPU
		{25A58297-8A01-415B-9AE5-5C12EA9E24F1}.Release|Any CPU.Build.0 = Release|Any CPU
	EndGlobalSection
	GlobalSection(NestedProjects) = preSolution
		{6378C7A0-00FF-47ED-8AE7-E4113151D00F} = {4DE46DF2-5097-443A-8B86-795D58792F28}
		{3048F5D4-F4EF-4DC1-867F-A9CB00103CEA} = {A9E83CDA-7DD7-40E7-B784-6346EC5FDD7C}
		{B3AA7378-4827-4CC9-AC9F-9505D1EE4DBD} = {A9E83CDA-7DD7-40E7-B784-6346EC5FDD7C}
		{54937FAB-64F7-4D15-BEA4-3550899AD2BC} = {A9E83CDA-7DD7-40E7-B784-6346EC5FDD7C}
		{A4D63E65-BF7B-44D0-8B6E-EF97FBAE4D0A} = {A9E83CDA-7DD7-40E7-B784-6346EC5FDD7C}
		{E5F268B7-0DDC-4409-9BC2-EF06050B4C31} = {4DE46DF2-5097-443A-8B86-795D58792F28}
		{A8C59EFD-8126-4670-A3D3-E835E3CE361C} = {A9E83CDA-7DD7-40E7-B784-6346EC5FDD7C}
		{25A58297-8A01-415B-9AE5-5C12EA9E24F1} = {A9E83CDA-7DD7-40E7-B784-6346EC5FDD7C}
	EndGlobalSection
EndGlobal
